// !$*UTF8*$!
{
	archiveVersion = 1;
	classes = {
	};
	objectVersion = 46;
	objects = {

/* Begin PBXBuildFile section */
		9AB691191D927879001EE88A /* AppDelegate.swift in Sources */ = {isa = PBXBuildFile; fileRef = 9AB691181D927879001EE88A /* AppDelegate.swift */; };
		9AB6911B1D927879001EE88A /* ViewController.swift in Sources */ = {isa = PBXBuildFile; fileRef = 9AB6911A1D927879001EE88A /* ViewController.swift */; };
		9AB6911E1D927879001EE88A /* Main.storyboard in Resources */ = {isa = PBXBuildFile; fileRef = 9AB6911C1D927879001EE88A /* Main.storyboard */; };
		9AB691201D927879001EE88A /* Assets.xcassets in Resources */ = {isa = PBXBuildFile; fileRef = 9AB6911F1D927879001EE88A /* Assets.xcassets */; };
		9AB691231D927879001EE88A /* LaunchScreen.storyboard in Resources */ = {isa = PBXBuildFile; fileRef = 9AB691211D927879001EE88A /* LaunchScreen.storyboard */; };
		9AB6912C1D92793A001EE88A /* zing-mp3.jpg in Resources */ = {isa = PBXBuildFile; fileRef = 9AB6912B1D92793A001EE88A /* zing-mp3.jpg */; };
/* End PBXBuildFile section */

/* Begin PBXFileReference section */
		9AB691151D927879001EE88A /* zing.app */ = {isa = PBXFileReference; explicitFileType = wrapper.application; includeInIndex = 0; path = zing.app; sourceTree = BUILT_PRODUCTS_DIR; };
		9AB691181D927879001EE88A /* AppDelegate.swift */ = {isa = PBXFileReference; lastKnownFileType = sourcecode.swift; path = AppDelegate.swift; sourceTree = "<group>"; };
		9AB6911A1D927879001EE88A /* ViewController.swift */ = {isa = PBXFileReference; lastKnownFileType = sourcecode.swift; path = ViewController.swift; sourceTree = "<group>"; };
		9AB6911D1D927879001EE88A /* Base */ = {isa = PBXFileReference; lastKnownFileType = file.storyboard; name = Base; path = Base.lproj/Main.storyboard; sourceTree = "<group>"; };
		9AB6911F1D927879001EE88A /* Assets.xcassets */ = {isa = PBXFileReference; lastKnownFileType = folder.assetcatalog; path = Assets.xcassets; sourceTree = "<group>"; };
		9AB691221D927879001EE88A /* Base */ = {isa = PBXFileReference; lastKnownFileType = file.storyboard; name = Base; path = Base.lproj/LaunchScreen.storyboard; sourceTree = "<group>"; };
		9AB691241D927879001EE88A /* Info.plist */ = {isa = PBXFileReference; lastKnownFileType = text.plist.xml; path = Info.plist; sourceTree = "<group>"; };
		9AB6912B1D92793A001EE88A /* zing-mp3.jpg */ = {isa = PBXFileReference; lastKnownFileType = image.jpeg; path = "zing-mp3.jpg"; sourceTree = "<group>"; };
/* End PBXFileReference section */

/* Begin PBXFrameworksBuildPhase section */
		9AB691121D927879001EE88A /* Frameworks */ = {
			isa = PBXFrameworksBuildPhase;
			buildActionMask = 2147483647;
			files = (
			);
			runOnlyForDeploymentPostprocessing = 0;
		};
/* End PBXFrameworksBuildPhase section */

/* Begin PBXGroup section */
		9AB6910C1D927879001EE88A = {
			isa = PBXGroup;
			children = (
				9AB691171D927879001EE88A /* zing */,
				9AB691161D927879001EE88A /* Products */,
			);
			sourceTree = "<group>";
		};
		9AB691161D927879001EE88A /* Products */ = {
			isa = PBXGroup;
			children = (
				9AB691151D927879001EE88A /* zing.app */,
			);
			name = Products;
			sourceTree = "<group>";
		};
		9AB691171D927879001EE88A /* zing */ = {
			isa = PBXGroup;
			children = (
				9AB6912A1D9278C2001EE88A /* anh */,
				9AB691181D927879001EE88A /* AppDelegate.swift */,
				9AB6911A1D927879001EE88A /* ViewController.swift */,
				9AB6911C1D927879001EE88A /* Main.storyboard */,
				9AB6911F1D927879001EE88A /* Assets.xcassets */,
				9AB691211D927879001EE88A /* LaunchScreen.storyboard */,
				9AB691241D927879001EE88A /* Info.plist */,
			);
			path = zing;
			sourceTree = "<group>";
		};
		9AB6912A1D9278C2001EE88A /* anh */ = {
			isa = PBXGroup;
			children = (
				9AB6912B1D92793A001EE88A /* zing-mp3.jpg */,
			);
			name = anh;
			sourceTree = "<group>";
		};
/* End PBXGroup section */

/* Begin PBXNativeTarget section */
		9AB691141D927879001EE88A /* zing */ = {
			isa = PBXNativeTarget;
			buildConfigurationList = 9AB691271D927879001EE88A /* Build configuration list for PBXNativeTarget "zing" */;
			buildPhases = (
				9AB691111D927879001EE88A /* Sources */,
				9AB691121D927879001EE88A /* Frameworks */,
				9AB691131D927879001EE88A /* Resources */,
			);
			buildRules = (
			);
			dependencies = (
			);
			name = zing;
			productName = zing;
			productReference = 9AB691151D927879001EE88A /* zing.app */;
			productType = "com.apple.product-type.application";
		};
/* End PBXNativeTarget section */

/* Begin PBXProject section */
		9AB6910D1D927879001EE88A /* Project object */ = {
			isa = PBXProject;
			attributes = {
				LastSwiftUpdateCheck = 0800;
				LastUpgradeCheck = 0800;
				ORGANIZATIONNAME = PIRATE;
				TargetAttributes = {
					9AB691141D927879001EE88A = {
						CreatedOnToolsVersion = 8.0;
						ProvisioningStyle = Automatic;
					};
				};
			};
			buildConfigurationList = 9AB691101D927879001EE88A /* Build configuration list for PBXProject "zing" */;
			compatibilityVersion = "Xcode 3.2";
			developmentRegion = English;
			hasScannedForEncodings = 0;
			knownRegions = (
				en,
				Base,
			);
			mainGroup = 9AB6910C1D927879001EE88A;
			productRefGroup = 9AB691161D927879001EE88A /* Products */;
			projectDirPath = "";
			projectRoot = "";
			targets = (
				9AB691141D927879001EE88A /* zing */,
			);
		};
/* End PBXProject section */

/* Begin PBXResourcesBuildPhase section */
		9AB691131D927879001EE88A /* Resources */ = {
			isa = PBXResourcesBuildPhase;
			buildActionMask = 2147483647;
			files = (
				9AB6912C1D92793A001EE88A /* zing-mp3.jpg in Resources */,
				9AB691231D927879001EE88A /* LaunchScreen.storyboard in Resources */,
				9AB691201D927879001EE88A /* Assets.xcassets in Resources */,
				9AB6911E1D927879001EE88A /* Main.storyboard in Resources */,
			);
			runOnlyForDeploymentPostprocessing = 0;
		};
/* End PBXResourcesBuildPhase section */

/* Begin PBXSourcesBuildPhase section */
		9AB691111D927879001EE88A /* Sources */ = {
			isa = PBXSourcesBuildPhase;
			buildActionMask = 2147483647;
			files = (
				9AB6911B1D927879001EE88A /* ViewController.swift in Sources */,
				9AB691191D927879001EE88A /* AppDelegate.swift in Sources */,
			);
			runOnlyForDeploymentPostprocessing = 0;
		};
/* End PBXSourcesBuildPhase section */

/* Begin PBXVariantGroup section */
		9AB6911C1D927879001EE88A /* Main.storyboard */ = {
			isa = PBXVariantGroup;
			children = (
				9AB6911D1D927879001EE88A /* Base */,
			);
			name = Main.storyboard;
			sourceTree = "<group>";
		};
		9AB691211D927879001EE88A /* LaunchScreen.storyboard */ = {
			isa = PBXVariantGroup;
			children = (
				9AB691221D927879001EE88A /* Base */,
			);
			name = LaunchScreen.storyboard;
			sourceTree = "<group>";
		};
/* End PBXVariantGroup section */

/* Begin XCBuildConfiguration section */
		9AB691251D927879001EE88A /* Debug */ = {
			isa = XCBuildConfiguration;
			buildSettings = {
				ALWAYS_SEARCH_USER_PATHS = NO;
				CLANG_ANALYZER_NONNULL = YES;
				CLANG_CXX_LANGUAGE_STANDARD = "gnu++0x";
				CLANG_CXX_LIBRARY = "libc++";
				CLANG_ENABLE_MODULES = YES;
				CLANG_ENABLE_OBJC_ARC = YES;
				CLANG_WARN_BOOL_CONVERSION = YES;
				CLANG_WARN_CONSTANT_CONVERSION = YES;
				CLANG_WARN_DIRECT_OBJC_ISA_USAGE = YES_ERROR;
				CLANG_WARN_DOCUMENTATION_COMMENTS = YES;
				CLANG_WARN_EMPTY_BODY = YES;
				CLANG_WARN_ENUM_CONVERSION = YES;
				CLANG_WARN_INFINITE_RECURSION = YES;
				CLANG_WARN_INT_CONVERSION = YES;
				CLANG_WARN_OBJC_ROOT_CLASS = YES_ERROR;
				CLANG_WARN_SUSPICIOUS_MOVES = YES;
				CLANG_WARN_UNREACHABLE_CODE = YES;
				CLANG_WARN__DUPLICATE_METHOD_MATCH = YES;
				"CODE_SIGN_IDENTITY[sdk=iphoneos*]" = "iPhone Developer";
				COPY_PHASE_STRIP = NO;
				DEBUG_INFORMATION_FORMAT = dwarf;
				ENABLE_STRICT_OBJC_MSGSEND = YES;
				ENABLE_TESTABILITY = YES;
				GCC_C_LANGUAGE_STANDARD = gnu99;
				GCC_DYNAMIC_NO_PIC = NO;
				GCC_NO_COMMON_BLOCKS = YES;
				GCC_OPTIMIZATION_LEVEL = 0;
				GCC_PREPROCESSOR_DEFINITIONS = (
					"DEBUG=1",
					"$(inherited)",
				);
				GCC_WARN_64_TO_32_BIT_CONVERSION = YES;
				GCC_WARN_ABOUT_RETURN_TYPE = YES_ERROR;
				GCC_WARN_UNDECLARED_SELECTOR = YES;
				GCC_WARN_UNINITIALIZED_AUTOS = YES_AGGRESSIVE;
				GCC_WARN_UNUSED_FUNCTION = YES;
				GCC_WARN_UNUSED_VARIABLE = YES;
				IPHONEOS_DEPLOYMENT_TARGET = 10.0;
				MTL_ENABLE_DEBUG_INFO = YES;
				ONLY_ACTIVE_ARCH = YES;
				SDKROOT = iphoneos;
				SWIFT_ACTIVE_COMPILATION_CONDITIONS = DEBUG;
				SWIFT_OPTIMIZATION_LEVEL = "-Onone";
			};
			name = Debug;
		};
		9AB691261D927879001EE88A /* Release */ = {
			isa = XCBuildConfiguration;
			buildSettings = {
				ALWAYS_SEARCH_USER_PATHS = NO;
				CLANG_ANALYZER_NONNULL = YES;
				CLANG_CXX_LANGUAGE_STANDARD = "gnu++0x";
				CLANG_CXX_LIBRARY = "libc++";
				CLANG_ENABLE_MODULES = YES;
				CLANG_ENABLE_OBJC_ARC = YES;
				CLANG_WARN_BOOL_CONVERSION = YES;
				CLANG_WARN_CONSTANT_CONVERSION = YES;
				CLANG_WARN_DIRECT_OBJC_ISA_USAGE = YES_ERROR;
				CLANG_WARN_DOCUMENTATION_COMMENTS = YES;
				CLANG_WARN_EMPTY_BODY = YES;
				CLANG_WARN_ENUM_CONVERSION = YES;
				CLANG_WARN_INFINITE_RECURSION = YES;
				CLANG_WARN_INT_CONVERSION = YES;
				CLANG_WARN_OBJC_ROOT_CLASS = YES_ERROR;
				CLANG_WARN_SUSPICIOUS_MOVES = YES;
				CLANG_WARN_UNREACHABLE_CODE = YES;
				CLANG_WARN__DUPLICATE_METHOD_MATCH = YES;
				"CODE_SIGN_IDENTITY[sdk=iphoneos*]" = "iPhone Developer";
				COPY_PHASE_STRIP = NO;
				DEBUG_INFORMATION_FORMAT = "dwarf-with-dsym";
				ENABLE_NS_ASSERTIONS = NO;
				ENABLE_STRICT_OBJC_MSGSEND = YES;
				GCC_C_LANGUAGE_STANDARD = gnu99;
				GCC_NO_COMMON_BLOCKS = YES;
				GCC_WARN_64_TO_32_BIT_CONVERSION = YES;
				GCC_WARN_ABOUT_RETURN_TYPE = YES_ERROR;
				GCC_WARN_UNDECLARED_SELECTOR = YES;
				GCC_WARN_UNINITIALIZED_AUTOS = YES_AGGRESSIVE;
				GCC_WARN_UNUSED_FUNCTION = YES;
				GCC_WARN_UNUSED_VARIABLE = YES;
				IPHONEOS_DEPLOYMENT_TARGET = 10.0;
				MTL_ENABLE_DEBUG_INFO = NO;
				SDKROOT = iphoneos;
				SWIFT_OPTIMIZATION_LEVEL = "-Owholemodule";
				VALIDATE_PRODUCT = YES;
			};
			name = Release;
		};
		9AB691281D927879001EE88A /* Debug */ = {
			isa = XCBuildConfiguration;
			buildSettings = {
				ASSETCATALOG_COMPILER_APPICON_NAME = AppIcon;
				INFOPLIST_FILE = zing/Info.plist;
				LD_RUNPATH_SEARCH_PATHS = "$(inherited) @executable_path/Frameworks";
				PRODUCT_BUNDLE_IDENTIFIER = PIRATE.zing;
				PRODUCT_NAME = "$(TARGET_NAME)";
				SWIFT_VERSION = 3.0;
			};
			name = Debug;
		};
		9AB691291D927879001EE88A /* Release */ = {
			isa = XCBuildConfiguration;
			buildSettings = {
				ASSETCATALOG_COMPILER_APPICON_NAME = AppIcon;
				INFOPLIST_FILE = zing/Info.plist;
				LD_RUNPATH_SEARCH_PATHS = "$(inherited) @executable_path/Frameworks";
				PRODUCT_BUNDLE_IDENTIFIER = PIRATE.zing;
				PRODUCT_NAME = "$(TARGET_NAME)";
				SWIFT_VERSION = 3.0;
			};
			name = Release;
		};
/* End XCBuildConfiguration section */

/* Begin XCConfigurationList section */
		9AB691101D927879001EE88A /* Build configuration list for PBXProject "zing" */ = {
			isa = XCConfigurationList;
			buildConfigurations = (
				9AB691251D927879001EE88A /* Debug */,
				9AB691261D927879001EE88A /* Release */,
			);
			defaultConfigurationIsVisible = 0;
			defaultConfigurationName = Release;
		};
		9AB691271D927879001EE88A /* Build configuration list for PBXNativeTarget "zing" */ = {
			isa = XCConfigurationList;
			buildConfigurations = (
				9AB691281D927879001EE88A /* Debug */,
				9AB691291D927879001EE88A /* Release */,
			);
			defaultConfigurationIsVisible = 0;
		};
/* End XCConfigurationList section */
	};
	rootObject = 9AB6910D1D927879001EE88A /* Project object */;
}
